{
  "name": "domaine-sainte-anne",
  "lockfileVersion": 3,
  "requires": true,
  "packages": {
    "": {
      "name": "domaine-sainte-anne",
      "dependencies": {
        "@hdf/blog-core": "file:vendor/hdf-blog-core-0.1.1.tgz"
      },
      "engines": {
        "node": "24.x"
      }
    },
    "node_modules/@hdf/blog-core": {
      "version": "0.1.1",
      "resolved": "file:vendor/hdf-blog-core-0.1.1.tgz",
      "integrity": "sha512-fKt92V7/S1t0wSH+6jFyg5WXUhmL/GNW7W1cimaWyFdCL/n/6B71qLISrxfUjVysAqxioEH7EN9rgax87RoFpQ==",
      "engines": {
        "node": ">=20"
      }
    }
  }
}
